
Microsoft Visual Studio Solution File, Format Version 12.00
# Visual Studio 14
VisualStudioVersion = 14.0.24720.0
MinimumVisualStudioVersion = 10.0.40219.1
Project("{8BC9CEB8-8B4A-11D0-8D11-00A0C91BC942}") = "TweetBank", "TweetBank\TweetBank.vcxproj", "{30E01550-6ED6-4910-B172-67190BB31BB9}"
EndProject
Project("{8BC9CEB8-8B4A-11D0-8D11-00A0C91BC942}") = "TweetBankCLR", "TweetBankCLR\TweetBankCLR.vcxproj", "{7C8B7E8B-978A-4697-90F3-C9184C188836}"
EndProject
Project("{FAE04EC0-301F-11D3-BF4B-00C04F79EFBC}") = "TweetBankWPF", "TweetBankWPF\TweetBankWPF.csproj", "{E275685F-9835-440B-BD9C-D937E6B2016F}"
EndProject
Global
	GlobalSection(SolutionConfigurationPlatforms) = preSolution
		Debug|Any CPU = Debug|Any CPU
		Debug|x64 = Debug|x64
		Debug|x86 = Debug|x86
		Release|Any CPU = Release|Any CPU
		Release|x64 = Release|x64
		Release|x86 = Release|x86
	EndGlobalSection
	GlobalSection(ProjectConfigurationPlatforms) = postSolution
		{30E01550-6ED6-4910-B172-67190BB31BB9}.Debug|Any CPU.ActiveCfg = Debug|Win32
		{30E01550-6ED6-4910-B172-67190BB31BB9}.Debug|x64.ActiveCfg = Debug|x64
		{30E01550-6ED6-4910-B172-67190BB31BB9}.Debug|x64.Build.0 = Debug|x64
		{30E01550-6ED6-4910-B172-67190BB31BB9}.Debug|x86.ActiveCfg = Debug|Win32
		{30E01550-6ED6-4910-B172-67190BB31BB9}.Debug|x86.Build.0 = Debug|Win32
		{30E01550-6ED6-4910-B172-67190BB31BB9}.Release|Any CPU.ActiveCfg = Release|Win32
		{30E01550-6ED6-4910-B172-67190BB31BB9}.Release|x64.ActiveCfg = Release|x64
		{30E01550-6ED6-4910-B172-67190BB31BB9}.Release|x64.Build.0 = Release|x64
		{30E01550-6ED6-4910-B172-67190BB31BB9}.Release|x86.ActiveCfg = Release|Win32
		{30E01550-6ED6-4910-B172-67190BB31BB9}.Release|x86.Build.0 = Release|Win32
		{7C8B7E8B-978A-4697-90F3-C9184C188836}.Debug|Any CPU.ActiveCfg = Debug|Win32
		{7C8B7E8B-978A-4697-90F3-C9184C188836}.Debug|x64.ActiveCfg = Debug|x64
		{7C8B7E8B-978A-4697-90F3-C9184C188836}.Debug|x64.Build.0 = Debug|x64
		{7C8B7E8B-978A-4697-90F3-C9184C188836}.Debug|x86.ActiveCfg = Debug|Win32
		{7C8B7E8B-978A-4697-90F3-C9184C188836}.Debug|x86.Build.0 = Debug|Win32
		{7C8B7E8B-978A-4697-90F3-C9184C188836}.Release|Any CPU.ActiveCfg = Release|Win32
		{7C8B7E8B-978A-4697-90F3-C9184C188836}.Release|x64.ActiveCfg = Release|x64
		{7C8B7E8B-978A-4697-90F3-C9184C188836}.Release|x64.Build.0 = Release|x64
		{7C8B7E8B-978A-4697-90F3-C9184C188836}.Release|x86.ActiveCfg = Release|Win32
		{7C8B7E8B-978A-4697-90F3-C9184C188836}.Release|x86.Build.0 = Release|Win32
		{E275685F-9835-440B-BD9C-D937E6B2016F}.Debug|Any CPU.ActiveCfg = Debug|Any CPU
		{E275685F-9835-440B-BD9C-D937E6B2016F}.Debug|Any CPU.Build.0 = Debug|Any CPU
		{E275685F-9835-440B-BD9C-D937E6B2016F}.Debug|x64.ActiveCfg = Debug|Any CPU
		{E275685F-9835-440B-BD9C-D937E6B2016F}.Debug|x64.Build.0 = Debug|Any CPU
		{E275685F-9835-440B-BD9C-D937E6B2016F}.Debug|x86.ActiveCfg = Debug|Any CPU
		{E275685F-9835-440B-BD9C-D937E6B2016F}.Debug|x86.Build.0 = Debug|Any CPU
		{E275685F-9835-440B-BD9C-D937E6B2016F}.Release|Any CPU.ActiveCfg = Release|Any CPU
		{E275685F-9835-440B-BD9C-D937E6B2016F}.Release|Any CPU.Build.0 = Release|Any CPU
		{E275685F-9835-440B-BD9C-D937E6B2016F}.Release|x64.ActiveCfg = Release|Any CPU
		{E275685F-9835-440B-BD9C-D937E6B2016F}.Release|x64.Build.0 = Release|Any CPU
		{E275685F-9835-440B-BD9C-D937E6B2016F}.Release|x86.ActiveCfg = Release|Any CPU
		{E275685F-9835-440B-BD9C-D937E6B2016F}.Release|x86.Build.0 = Release|Any CPU
	EndGlobalSection
	GlobalSection(SolutionProperties) = preSolution
		HideSolutionNode = FALSE
	EndGlobalSection
EndGlobal
